// !$*UTF8*$!
{
	archiveVersion = 1;
	classes = {
	};
	objectVersion = 45;
	objects = {

/* Begin PBXBuildFile section */
		21286C5700CC001278688821 /* Bitmap.cpp in Sources */ = {isa = PBXBuildFile; fileRef = 3EEF76F4461D001278688821 /* Bitmap.cpp */; };
		23B55C1446B4001278688821 /* Scene.cpp in Sources */ = {isa = PBXBuildFile; fileRef = 004F782B52FC001278688821 /* Scene.cpp */; };
		2B7055AC3B6A001278688821 /* Sprite.cpp in Sources */ = {isa = PBXBuildFile; fileRef = 6CE749D95D46001278688821 /* Sprite.cpp */; };
		302D7F8811E7E05000432848 /* Facade.cpp in Sources */ = {isa = PBXBuildFile; fileRef = 302D7F8711E7E05000432848 /* Facade.cpp */; };
		302D7FE511E7E6D000432848 /* App.cpp in Sources */ = {isa = PBXBuildFile; fileRef = 302D7FE311E7E6D000432848 /* App.cpp */; };
		4D9924293D08001278688821 /* Image.cpp in Sources */ = {isa = PBXBuildFile; fileRef = 4F873D012147001278688821 /* Image.cpp */; };
		4EBE3E4A0957001278688821 /* libfacade.a in Frameworks */ = {isa = PBXBuildFile; fileRef = 34561F970CCA001278688821 /* libfacade.a */; };
		602555F750B9001278688821 /* SceneManager.cpp in Sources */ = {isa = PBXBuildFile; fileRef = 2BC51F590E9A001278688821 /* SceneManager.cpp */; };
		6ED423AA2B46001278688821 /* Config.cpp in Sources */ = {isa = PBXBuildFile; fileRef = 72180879699F001278688821 /* Config.cpp */; };
		6F3C027428E6001278688821 /* main.cpp in Sources */ = {isa = PBXBuildFile; fileRef = 26DF03556DB4001278688821 /* main.cpp */; };
/* End PBXBuildFile section */

/* Begin PBXContainerItemProxy section */
		263F77AB1AD3001278688821 /* PBXContainerItemProxy */ = {
			isa = PBXContainerItemProxy;
			containerPortal = 0D9827210D29001278688821 /* facade.xcodeproj */;
			proxyType = 1;
			remoteGlobalIDString = 38685645680F001278688821;
			remoteInfo = libfacade.a;
		};
		57207B855B53001278688821 /* PBXContainerItemProxy */ = {
			isa = PBXContainerItemProxy;
			containerPortal = 0D9827210D29001278688821 /* facade.xcodeproj */;
			proxyType = 2;
			remoteGlobalIDString = 3ED51E6E4A19001278688821;
			remoteInfo = libfacade.a;
		};
/* End PBXContainerItemProxy section */

/* Begin PBXFileReference section */
		004F782B52FC001278688821 /* Scene.cpp */ = {isa = PBXFileReference; lastKnownFileType = sourcecode.cpp.cpp; path = Scene.cpp; sourceTree = "<group>"; };
		02C00E462585001278688821 /* Rect.h */ = {isa = PBXFileReference; lastKnownFileType = sourcecode.c.h; path = Rect.h; sourceTree = "<group>"; };
		0D9827210D29001278688821 /* facade.xcodeproj */ = {isa = PBXFileReference; lastKnownFileType = "wrapper.pb-project"; path = facade.xcodeproj; sourceTree = SOURCE_ROOT; };
		195B515E07BC001278688821 /* Common.h */ = {isa = PBXFileReference; lastKnownFileType = sourcecode.c.h; path = Common.h; sourceTree = "<group>"; };
		1F0E5B53423E001278688821 /* Pixel.h */ = {isa = PBXFileReference; lastKnownFileType = sourcecode.c.h; path = Pixel.h; sourceTree = "<group>"; };
		230D44B02C03001278688821 /* Config.h */ = {isa = PBXFileReference; lastKnownFileType = sourcecode.c.h; path = Config.h; sourceTree = "<group>"; };
		26DF03556DB4001278688821 /* main.cpp */ = {isa = PBXFileReference; lastKnownFileType = sourcecode.cpp.cpp; path = main.cpp; sourceTree = "<group>"; };
		2BC51F590E9A001278688821 /* SceneManager.cpp */ = {isa = PBXFileReference; lastKnownFileType = sourcecode.cpp.cpp; path = SceneManager.cpp; sourceTree = "<group>"; };
		302D7F8611E7E05000432848 /* Facade.h */ = {isa = PBXFileReference; fileEncoding = 4; lastKnownFileType = sourcecode.c.h; path = Facade.h; sourceTree = "<group>"; };
		302D7F8711E7E05000432848 /* Facade.cpp */ = {isa = PBXFileReference; fileEncoding = 4; lastKnownFileType = sourcecode.cpp.cpp; path = Facade.cpp; sourceTree = "<group>"; };
		302D7FE311E7E6D000432848 /* App.cpp */ = {isa = PBXFileReference; fileEncoding = 4; lastKnownFileType = sourcecode.cpp.cpp; path = App.cpp; sourceTree = "<group>"; };
		302D7FE411E7E6D000432848 /* App.h */ = {isa = PBXFileReference; fileEncoding = 4; lastKnownFileType = sourcecode.c.h; path = App.h; sourceTree = "<group>"; };
		3EEF76F4461D001278688821 /* Bitmap.cpp */ = {isa = PBXFileReference; lastKnownFileType = sourcecode.cpp.cpp; path = Bitmap.cpp; sourceTree = "<group>"; };
		40911A751DC1001278688821 /* SceneManager.h */ = {isa = PBXFileReference; lastKnownFileType = sourcecode.c.h; path = SceneManager.h; sourceTree = "<group>"; };
		40AB59407F6E001278688821 /* DrawableObject.h */ = {isa = PBXFileReference; lastKnownFileType = sourcecode.c.h; path = DrawableObject.h; sourceTree = "<group>"; };
		4C0C54034880001278688821 /* Line.h */ = {isa = PBXFileReference; lastKnownFileType = sourcecode.c.h; path = Line.h; sourceTree = "<group>"; };
		4F873D012147001278688821 /* Image.cpp */ = {isa = PBXFileReference; lastKnownFileType = sourcecode.cpp.cpp; path = Image.cpp; sourceTree = "<group>"; };
		51F8229C3D84001278688821 /* Bitmap.h */ = {isa = PBXFileReference; lastKnownFileType = sourcecode.c.h; path = Bitmap.h; sourceTree = "<group>"; };
		554F6B071D2B001278688821 /* Scene.h */ = {isa = PBXFileReference; lastKnownFileType = sourcecode.c.h; path = Scene.h; sourceTree = "<group>"; };
		5E4B3EC500AA001278688821 /* Objects.h */ = {isa = PBXFileReference; lastKnownFileType = sourcecode.c.h; path = Objects.h; sourceTree = "<group>"; };
		5FFC41900887001278688821 /* Sprite.h */ = {isa = PBXFileReference; lastKnownFileType = sourcecode.c.h; path = Sprite.h; sourceTree = "<group>"; };
		6486236D56B8001278688821 /* Image.h */ = {isa = PBXFileReference; lastKnownFileType = sourcecode.c.h; path = Image.h; sourceTree = "<group>"; };
		6BBC372624F5001278688821 /* rc-facade */ = {isa = PBXFileReference; explicitFileType = "compiled.mach-o.executable"; includeInIndex = 0; path = "rc-facade"; sourceTree = BUILT_PRODUCTS_DIR; };
		6CE749D95D46001278688821 /* Sprite.cpp */ = {isa = PBXFileReference; lastKnownFileType = sourcecode.cpp.cpp; path = Sprite.cpp; sourceTree = "<group>"; };
		72180879699F001278688821 /* Config.cpp */ = {isa = PBXFileReference; lastKnownFileType = sourcecode.cpp.cpp; path = Config.cpp; sourceTree = "<group>"; };
/* End PBXFileReference section */

/* Begin PBXFrameworksBuildPhase section */
		2BDC15C6330C001278688821 /* Frameworks */ = {
			isa = PBXFrameworksBuildPhase;
			buildActionMask = 2147483647;
			files = (
				4EBE3E4A0957001278688821 /* libfacade.a in Frameworks */,
			);
			runOnlyForDeploymentPostprocessing = 0;
		};
/* End PBXFrameworksBuildPhase section */

/* Begin PBXGroup section */
		09FF62614F11001278688821 /* rc-facade */ = {
			isa = PBXGroup;
			children = (
				302D7FE311E7E6D000432848 /* App.cpp */,
				302D7FE411E7E6D000432848 /* App.h */,
				195B515E07BC001278688821 /* Common.h */,
				72180879699F001278688821 /* Config.cpp */,
				230D44B02C03001278688821 /* Config.h */,
				004F782B52FC001278688821 /* Scene.cpp */,
				554F6B071D2B001278688821 /* Scene.h */,
				2BC51F590E9A001278688821 /* SceneManager.cpp */,
				40911A751DC1001278688821 /* SceneManager.h */,
				26DF03556DB4001278688821 /* main.cpp */,
				302D7F8611E7E05000432848 /* Facade.h */,
				302D7F8711E7E05000432848 /* Facade.cpp */,
				4196140A2104001278688821 /* objects */,
			);
			path = "rc-facade";
			sourceTree = "<group>";
		};
		1FAE19CF1AB1001278688821 /* Projects */ = {
			isa = PBXGroup;
			children = (
				0D9827210D29001278688821 /* facade.xcodeproj */,
			);
			name = Projects;
			sourceTree = "<group>";
		};
		4196140A2104001278688821 /* objects */ = {
			isa = PBXGroup;
			children = (
				3EEF76F4461D001278688821 /* Bitmap.cpp */,
				51F8229C3D84001278688821 /* Bitmap.h */,
				40AB59407F6E001278688821 /* DrawableObject.h */,
				4F873D012147001278688821 /* Image.cpp */,
				6486236D56B8001278688821 /* Image.h */,
				4C0C54034880001278688821 /* Line.h */,
				5E4B3EC500AA001278688821 /* Objects.h */,
				1F0E5B53423E001278688821 /* Pixel.h */,
				02C00E462585001278688821 /* Rect.h */,
				6CE749D95D46001278688821 /* Sprite.cpp */,
				5FFC41900887001278688821 /* Sprite.h */,
			);
			path = objects;
			sourceTree = "<group>";
		};
		4D0802383102001278688821 /* src */ = {
			isa = PBXGroup;
			children = (
				09FF62614F11001278688821 /* rc-facade */,
			);
			name = src;
			path = ../src;
			sourceTree = "<group>";
		};
		53502E2E05BD001278688821 /* Products */ = {
			isa = PBXGroup;
			children = (
				34561F970CCA001278688821 /* libfacade.a */,
			);
			name = Products;
			sourceTree = "<group>";
		};
		7A495AE25D5D001278688821 /* Products */ = {
			isa = PBXGroup;
			children = (
				6BBC372624F5001278688821 /* rc-facade */,
			);
			name = Products;
			sourceTree = "<group>";
		};
		7C850DB62FB3001278688821 /* rc-facade */ = {
			isa = PBXGroup;
			children = (
				4D0802383102001278688821 /* src */,
				7A495AE25D5D001278688821 /* Products */,
				1FAE19CF1AB1001278688821 /* Projects */,
			);
			name = "rc-facade";
			sourceTree = "<group>";
		};
/* End PBXGroup section */

/* Begin PBXNativeTarget section */
		0DC72885342E001278688821 /* rc-facade */ = {
			isa = PBXNativeTarget;
			buildConfigurationList = 38AD25822A9B001278688821 /* Build configuration list for PBXNativeTarget "rc-facade" */;
			buildPhases = (
				47A9485A1D4F001278688821 /* Resources */,
				32F4722F2D1E001278688821 /* Sources */,
				2BDC15C6330C001278688821 /* Frameworks */,
			);
			buildRules = (
			);
			dependencies = (
				32EE4D6A298B001278688821 /* PBXTargetDependency */,
			);
			name = "rc-facade";
			productInstallPath = "$(HOME)/bin";
			productName = "rc-facade";
			productReference = 6BBC372624F5001278688821 /* rc-facade */;
			productType = "com.apple.product-type.tool";
		};
/* End PBXNativeTarget section */

/* Begin PBXProject section */
		08FB7793FE84155DC02AAC07 /* Project object */ = {
			isa = PBXProject;
			buildConfigurationList = 1DEB928908733DD80010E9CD /* Build configuration list for PBXProject "rc-facade" */;
			compatibilityVersion = "Xcode 3.1";
			hasScannedForEncodings = 1;
			mainGroup = 7C850DB62FB3001278688821 /* rc-facade */;
			projectDirPath = "";
			projectReferences = (
				{
					ProductGroup = 53502E2E05BD001278688821 /* Products */;
					ProjectRef = 0D9827210D29001278688821 /* facade.xcodeproj */;
				},
			);
			projectRoot = "";
			targets = (
				0DC72885342E001278688821 /* rc-facade */,
			);
		};
/* End PBXProject section */

/* Begin PBXReferenceProxy section */
		34561F970CCA001278688821 /* libfacade.a */ = {
			isa = PBXReferenceProxy;
			fileType = archive.ar;
			path = libfacade.a;
			remoteRef = 57207B855B53001278688821 /* PBXContainerItemProxy */;
			sourceTree = BUILT_PRODUCTS_DIR;
		};
/* End PBXReferenceProxy section */

/* Begin PBXResourcesBuildPhase section */
		47A9485A1D4F001278688821 /* Resources */ = {
			isa = PBXResourcesBuildPhase;
			buildActionMask = 2147483647;
			files = (
			);
			runOnlyForDeploymentPostprocessing = 0;
		};
/* End PBXResourcesBuildPhase section */

/* Begin PBXSourcesBuildPhase section */
		32F4722F2D1E001278688821 /* Sources */ = {
			isa = PBXSourcesBuildPhase;
			buildActionMask = 2147483647;
			files = (
				6ED423AA2B46001278688821 /* Config.cpp in Sources */,
				23B55C1446B4001278688821 /* Scene.cpp in Sources */,
				602555F750B9001278688821 /* SceneManager.cpp in Sources */,
				6F3C027428E6001278688821 /* main.cpp in Sources */,
				21286C5700CC001278688821 /* Bitmap.cpp in Sources */,
				4D9924293D08001278688821 /* Image.cpp in Sources */,
				2B7055AC3B6A001278688821 /* Sprite.cpp in Sources */,
				302D7F8811E7E05000432848 /* Facade.cpp in Sources */,
				302D7FE511E7E6D000432848 /* App.cpp in Sources */,
			);
			runOnlyForDeploymentPostprocessing = 0;
		};
/* End PBXSourcesBuildPhase section */

/* Begin PBXTargetDependency section */
		32EE4D6A298B001278688821 /* PBXTargetDependency */ = {
			isa = PBXTargetDependency;
			name = libfacade.a;
			targetProxy = 263F77AB1AD3001278688821 /* PBXContainerItemProxy */;
		};
/* End PBXTargetDependency section */

/* Begin XCBuildConfiguration section */
		0B2E035C1BA5001278688821 /* Debug */ = {
			isa = XCBuildConfiguration;
			buildSettings = {
				ARCHS = "$(NATIVE_ARCH_ACTUAL)";
				CONFIGURATION_BUILD_DIR = "$(SYMROOT)";
				CONFIGURATION_TEMP_DIR = "$(OBJROOT)";
				COPY_PHASE_STRIP = NO;
				GCC_C_LANGUAGE_STANDARD = gnu99;
				GCC_ENABLE_FIX_AND_CONTINUE = YES;
				GCC_OPTIMIZATION_LEVEL = 0;
				GCC_PREPROCESSOR_DEFINITIONS = DEBUG;
				GCC_WARN_ABOUT_RETURN_TYPE = YES;
				GCC_WARN_UNUSED_VARIABLE = YES;
				HEADER_SEARCH_PATHS = (
					../src,
					../externals,
					../externals/visualframework,
					../externals/xmlframework,
					../externals/oscframework,
					../../../../../opt/local/include,
				);
				LIBRARY_SEARCH_PATHS = (
					../externals/visualframework,
					../externals/xmlframework,
					../externals/oscframework,
					../../../../../opt/local/lib,
				);
				OBJROOT = "../obj/Debug/rc-facade";
				ONLY_ACTIVE_ARCH = NO;
				OTHER_LDFLAGS = (
					"-loscframework",
					"-lxmlframework",
					"-lvisualframework",
					"-lSDL_net",
					"-lSDL_ttf",
					"-llo",
					"-lpthread",
					"-lSDLmain",
					"-lSDL",
					"-lSDL_gfx",
					"-lSDL_image",
					"-Wl,-framework,Cocoa",
					"-Wl,-framework,OpenGL",
					"-Wl,-framework,ApplicationServices",
					"-Wl,-framework,Carbon",
					"-Wl,-framework,AudioToolbox",
					"-Wl,-framework,AudioUnit",
					"-Wl,-framework,IOKit",
				);
				PREBINDING = NO;
				SYMROOT = ../bin;
			};
			name = Debug;
		};
		20E45B0D643E001278688821 /* Release */ = {
			isa = XCBuildConfiguration;
			buildSettings = {
				ALWAYS_SEARCH_USER_PATHS = NO;
				CONFIGURATION_BUILD_DIR = ../bin;
				DEBUG_INFORMATION_FORMAT = "dwarf-with-dsym";
				GCC_DYNAMIC_NO_PIC = NO;
				GCC_MODEL_TUNING = G5;
				INSTALL_PATH = /usr/local/bin;
				PRODUCT_NAME = "rc-facade";
			};
			name = Release;
		};
		471607B26EE4001278688821 /* Release */ = {
			isa = XCBuildConfiguration;
			buildSettings = {
				ARCHS = "$(NATIVE_ARCH_ACTUAL)";
				CONFIGURATION_BUILD_DIR = "$(SYMROOT)";
				CONFIGURATION_TEMP_DIR = "$(OBJROOT)";
				GCC_C_LANGUAGE_STANDARD = gnu99;
				GCC_OPTIMIZATION_LEVEL = s;
				GCC_PREPROCESSOR_DEFINITIONS = NDEBUG;
				GCC_WARN_ABOUT_RETURN_TYPE = YES;
				GCC_WARN_UNUSED_VARIABLE = YES;
				HEADER_SEARCH_PATHS = (
					../src,
					../externals,
					../externals/visualframework,
					../externals/xmlframework,
					../externals/oscframework,
					../../../../../opt/local/include,
				);
				LIBRARY_SEARCH_PATHS = (
					../externals/visualframework,
					../externals/xmlframework,
					../externals/oscframework,
					../../../../../opt/local/lib,
				);
				OBJROOT = "../obj/Release/rc-facade";
				ONLY_ACTIVE_ARCH = NO;
				OTHER_LDFLAGS = (
					"-loscframework",
					"-lxmlframework",
					"-lvisualframework",
					"-lSDL_net",
					"-lSDL_ttf",
					"-llo",
					"-lpthread",
					"-lSDLmain",
					"-lSDL",
					"-lSDL_gfx",
					"-lSDL_image",
					"-Wl,-framework,Cocoa",
					"-Wl,-framework,OpenGL",
					"-Wl,-framework,ApplicationServices",
					"-Wl,-framework,Carbon",
					"-Wl,-framework,AudioToolbox",
					"-Wl,-framework,AudioUnit",
					"-Wl,-framework,IOKit",
				);
				PREBINDING = NO;
				SYMROOT = ../bin;
			};
			name = Release;
		};
		575F3EF4211B001278688821 /* Debug */ = {
			isa = XCBuildConfiguration;
			buildSettings = {
				ALWAYS_SEARCH_USER_PATHS = NO;
				CONFIGURATION_BUILD_DIR = ../bin;
				GCC_DYNAMIC_NO_PIC = NO;
				GCC_MODEL_TUNING = G5;
				INSTALL_PATH = /usr/local/bin;
				PRODUCT_NAME = "rc-facade";
			};
			name = Debug;
		};
/* End XCBuildConfiguration section */

/* Begin XCConfigurationList section */
		1DEB928908733DD80010E9CD /* Build configuration list for PBXProject "rc-facade" */ = {
			isa = XCConfigurationList;
			buildConfigurations = (
				0B2E035C1BA5001278688821 /* Debug */,
				471607B26EE4001278688821 /* Release */,
			);
			defaultConfigurationIsVisible = 0;
			defaultConfigurationName = Debug;
		};
		38AD25822A9B001278688821 /* Build configuration list for PBXNativeTarget "rc-facade" */ = {
			isa = XCConfigurationList;
			buildConfigurations = (
				575F3EF4211B001278688821 /* Debug */,
				20E45B0D643E001278688821 /* Release */,
			);
			defaultConfigurationIsVisible = 0;
			defaultConfigurationName = Debug;
		};
/* End XCConfigurationList section */
	};
	rootObject = 08FB7793FE84155DC02AAC07 /* Project object */;
}
