// !$*UTF8*$!
{
	archiveVersion = 1;
	classes = {
	};
	objectVersion = 45;
	objects = {

/* Begin PBXBuildFile section */
		0AF01D2575B8001272317747 /* main.cpp in Sources */ = {isa = PBXBuildFile; fileRef = 092904E85573001272317747 /* main.cpp */; };
		1C626D746D79001272317747 /* Sprite.cpp in Sources */ = {isa = PBXBuildFile; fileRef = 327964B66DC4001272317747 /* Sprite.cpp */; };
		2DD275F14AB7001272317747 /* libfacade.a in Frameworks */ = {isa = PBXBuildFile; fileRef = 487C4637723D001272317747 /* libfacade.a */; };
		2E3A7ABE64F5001272317747 /* SceneManager.cpp in Sources */ = {isa = PBXBuildFile; fileRef = 60C755324DF1001272317747 /* SceneManager.cpp */; };
		4421099262DE001272317747 /* Config.cpp in Sources */ = {isa = PBXBuildFile; fileRef = 3B4D7BCC19EF001272317747 /* Config.cpp */; };
		4FD21A040C22001272317747 /* Image.cpp in Sources */ = {isa = PBXBuildFile; fileRef = 537206441705001272317747 /* Image.cpp */; };
		615112FE1994001272317747 /* FacadeApp.cpp in Sources */ = {isa = PBXBuildFile; fileRef = 59EC41F96349001272317747 /* FacadeApp.cpp */; };
		65BC44BA23B8001272317747 /* Scene.cpp in Sources */ = {isa = PBXBuildFile; fileRef = 3B191450225E001272317747 /* Scene.cpp */; };
		7F6820AA2B22001272317747 /* Bitmap.cpp in Sources */ = {isa = PBXBuildFile; fileRef = 78C1585E14FD001272317747 /* Bitmap.cpp */; };
/* End PBXBuildFile section */

/* Begin PBXContainerItemProxy section */
		049B6FA47CFC001272317747 /* PBXContainerItemProxy */ = {
			isa = PBXContainerItemProxy;
			containerPortal = 1E5631E93B66001272317747 /* facade.xcodeproj */;
			proxyType = 2;
			remoteGlobalIDString = 507220BA1404001272317747;
			remoteInfo = libfacade.a;
		};
		10BA435243D4001272317747 /* PBXContainerItemProxy */ = {
			isa = PBXContainerItemProxy;
			containerPortal = 1E5631E93B66001272317747 /* facade.xcodeproj */;
			proxyType = 1;
			remoteGlobalIDString = 414A16FF5123001272317747;
			remoteInfo = libfacade.a;
		};
/* End PBXContainerItemProxy section */

/* Begin PBXFileReference section */
		092904E85573001272317747 /* main.cpp */ = {isa = PBXFileReference; lastKnownFileType = sourcecode.cpp.cpp; path = main.cpp; sourceTree = "<group>"; };
		0E240AB64F43001272317747 /* rc-facade */ = {isa = PBXFileReference; explicitFileType = "compiled.mach-o.executable"; includeInIndex = 0; path = "rc-facade"; sourceTree = BUILT_PRODUCTS_DIR; };
		18D4184020A2001272317747 /* SceneManager.h */ = {isa = PBXFileReference; lastKnownFileType = sourcecode.c.h; path = SceneManager.h; sourceTree = "<group>"; };
		1E5631E93B66001272317747 /* facade.xcodeproj */ = {isa = PBXFileReference; lastKnownFileType = "wrapper.pb-project"; path = facade.xcodeproj; sourceTree = SOURCE_ROOT; };
		21A61FDA5A54001272317747 /* Image.h */ = {isa = PBXFileReference; lastKnownFileType = sourcecode.c.h; path = Image.h; sourceTree = "<group>"; };
		241974E76C7C001272317747 /* Scene.h */ = {isa = PBXFileReference; lastKnownFileType = sourcecode.c.h; path = Scene.h; sourceTree = "<group>"; };
		298443005592001272317747 /* Sprite.h */ = {isa = PBXFileReference; lastKnownFileType = sourcecode.c.h; path = Sprite.h; sourceTree = "<group>"; };
		311A44B83080001272317747 /* Common.h */ = {isa = PBXFileReference; lastKnownFileType = sourcecode.c.h; path = Common.h; sourceTree = "<group>"; };
		327964B66DC4001272317747 /* Sprite.cpp */ = {isa = PBXFileReference; lastKnownFileType = sourcecode.cpp.cpp; path = Sprite.cpp; sourceTree = "<group>"; };
		348B23F0734D001272317747 /* Objects.h */ = {isa = PBXFileReference; lastKnownFileType = sourcecode.c.h; path = Objects.h; sourceTree = "<group>"; };
		3B191450225E001272317747 /* Scene.cpp */ = {isa = PBXFileReference; lastKnownFileType = sourcecode.cpp.cpp; path = Scene.cpp; sourceTree = "<group>"; };
		3B4D7BCC19EF001272317747 /* Config.cpp */ = {isa = PBXFileReference; lastKnownFileType = sourcecode.cpp.cpp; path = Config.cpp; sourceTree = "<group>"; };
		45825BC4330D001272317747 /* Line.h */ = {isa = PBXFileReference; lastKnownFileType = sourcecode.c.h; path = Line.h; sourceTree = "<group>"; };
		4638418A02AB001272317747 /* Rect.h */ = {isa = PBXFileReference; lastKnownFileType = sourcecode.c.h; path = Rect.h; sourceTree = "<group>"; };
		48CA7EB875BB001272317747 /* DrawableObject.h */ = {isa = PBXFileReference; lastKnownFileType = sourcecode.c.h; path = DrawableObject.h; sourceTree = "<group>"; };
		537206441705001272317747 /* Image.cpp */ = {isa = PBXFileReference; lastKnownFileType = sourcecode.cpp.cpp; path = Image.cpp; sourceTree = "<group>"; };
		59EC41F96349001272317747 /* FacadeApp.cpp */ = {isa = PBXFileReference; lastKnownFileType = sourcecode.cpp.cpp; path = FacadeApp.cpp; sourceTree = "<group>"; };
		5E2C57660AEB001272317747 /* Config.h */ = {isa = PBXFileReference; lastKnownFileType = sourcecode.c.h; path = Config.h; sourceTree = "<group>"; };
		60C755324DF1001272317747 /* SceneManager.cpp */ = {isa = PBXFileReference; lastKnownFileType = sourcecode.cpp.cpp; path = SceneManager.cpp; sourceTree = "<group>"; };
		6B6569102F2F001272317747 /* FacadeApp.h */ = {isa = PBXFileReference; lastKnownFileType = sourcecode.c.h; path = FacadeApp.h; sourceTree = "<group>"; };
		6D35537753F6001272317747 /* Pixel.h */ = {isa = PBXFileReference; lastKnownFileType = sourcecode.c.h; path = Pixel.h; sourceTree = "<group>"; };
		76080D081462001272317747 /* Bitmap.h */ = {isa = PBXFileReference; lastKnownFileType = sourcecode.c.h; path = Bitmap.h; sourceTree = "<group>"; };
		78C1585E14FD001272317747 /* Bitmap.cpp */ = {isa = PBXFileReference; lastKnownFileType = sourcecode.cpp.cpp; path = Bitmap.cpp; sourceTree = "<group>"; };
/* End PBXFileReference section */

/* Begin PBXFrameworksBuildPhase section */
		46D40E231CD1001272317747 /* Frameworks */ = {
			isa = PBXFrameworksBuildPhase;
			buildActionMask = 2147483647;
			files = (
				2DD275F14AB7001272317747 /* libfacade.a in Frameworks */,
			);
			runOnlyForDeploymentPostprocessing = 0;
		};
/* End PBXFrameworksBuildPhase section */

/* Begin PBXGroup section */
		17ED693B5309001272317747 /* Projects */ = {
			isa = PBXGroup;
			children = (
				1E5631E93B66001272317747 /* facade.xcodeproj */,
			);
			name = Projects;
			sourceTree = "<group>";
		};
		24F64F7F4B87001272317747 /* rc-facade */ = {
			isa = PBXGroup;
			children = (
				311A44B83080001272317747 /* Common.h */,
				3B4D7BCC19EF001272317747 /* Config.cpp */,
				5E2C57660AEB001272317747 /* Config.h */,
				59EC41F96349001272317747 /* FacadeApp.cpp */,
				6B6569102F2F001272317747 /* FacadeApp.h */,
				3B191450225E001272317747 /* Scene.cpp */,
				241974E76C7C001272317747 /* Scene.h */,
				60C755324DF1001272317747 /* SceneManager.cpp */,
				18D4184020A2001272317747 /* SceneManager.h */,
				092904E85573001272317747 /* main.cpp */,
				292C276E374C001272317747 /* objects */,
			);
			path = "rc-facade";
			sourceTree = "<group>";
		};
		292C276E374C001272317747 /* objects */ = {
			isa = PBXGroup;
			children = (
				78C1585E14FD001272317747 /* Bitmap.cpp */,
				76080D081462001272317747 /* Bitmap.h */,
				48CA7EB875BB001272317747 /* DrawableObject.h */,
				537206441705001272317747 /* Image.cpp */,
				21A61FDA5A54001272317747 /* Image.h */,
				45825BC4330D001272317747 /* Line.h */,
				348B23F0734D001272317747 /* Objects.h */,
				6D35537753F6001272317747 /* Pixel.h */,
				4638418A02AB001272317747 /* Rect.h */,
				327964B66DC4001272317747 /* Sprite.cpp */,
				298443005592001272317747 /* Sprite.h */,
			);
			path = objects;
			sourceTree = "<group>";
		};
		49D756DA2AFD001272317747 /* Products */ = {
			isa = PBXGroup;
			children = (
				487C4637723D001272317747 /* libfacade.a */,
			);
			name = Products;
			sourceTree = "<group>";
		};
		5BB96F8D1F01001272317747 /* src */ = {
			isa = PBXGroup;
			children = (
				24F64F7F4B87001272317747 /* rc-facade */,
			);
			name = src;
			path = ../src;
			sourceTree = "<group>";
		};
		6FDF4EE8135D001272317747 /* rc-facade */ = {
			isa = PBXGroup;
			children = (
				5BB96F8D1F01001272317747 /* src */,
				73E37D172878001272317747 /* Products */,
				17ED693B5309001272317747 /* Projects */,
			);
			name = "rc-facade";
			sourceTree = "<group>";
		};
		73E37D172878001272317747 /* Products */ = {
			isa = PBXGroup;
			children = (
				0E240AB64F43001272317747 /* rc-facade */,
			);
			name = Products;
			sourceTree = "<group>";
		};
/* End PBXGroup section */

/* Begin PBXNativeTarget section */
		400B19D121D8001272317747 /* rc-facade */ = {
			isa = PBXNativeTarget;
			buildConfigurationList = 3C3218C760CC001272317747 /* Build configuration list for PBXNativeTarget "rc-facade" */;
			buildPhases = (
				1F6945522649001272317747 /* Resources */,
				215A316776FA001272317747 /* Sources */,
				46D40E231CD1001272317747 /* Frameworks */,
			);
			buildRules = (
			);
			dependencies = (
				2E0B623515FC001272317747 /* PBXTargetDependency */,
			);
			name = "rc-facade";
			productInstallPath = "$(HOME)/bin";
			productName = "rc-facade";
			productReference = 0E240AB64F43001272317747 /* rc-facade */;
			productType = "com.apple.product-type.tool";
		};
/* End PBXNativeTarget section */

/* Begin PBXProject section */
		08FB7793FE84155DC02AAC07 /* Project object */ = {
			isa = PBXProject;
			buildConfigurationList = 1DEB928908733DD80010E9CD /* Build configuration list for PBXProject "rc-facade" */;
			compatibilityVersion = "Xcode 3.1";
			hasScannedForEncodings = 1;
			mainGroup = 6FDF4EE8135D001272317747 /* rc-facade */;
			projectDirPath = "";
			projectReferences = (
				{
					ProductGroup = 49D756DA2AFD001272317747 /* Products */;
					ProjectRef = 1E5631E93B66001272317747 /* facade.xcodeproj */;
				},
			);
			projectRoot = "";
			targets = (
				400B19D121D8001272317747 /* rc-facade */,
			);
		};
/* End PBXProject section */

/* Begin PBXReferenceProxy section */
		487C4637723D001272317747 /* libfacade.a */ = {
			isa = PBXReferenceProxy;
			fileType = archive.ar;
			path = libfacade.a;
			remoteRef = 049B6FA47CFC001272317747 /* PBXContainerItemProxy */;
			sourceTree = BUILT_PRODUCTS_DIR;
		};
/* End PBXReferenceProxy section */

/* Begin PBXResourcesBuildPhase section */
		1F6945522649001272317747 /* Resources */ = {
			isa = PBXResourcesBuildPhase;
			buildActionMask = 2147483647;
			files = (
			);
			runOnlyForDeploymentPostprocessing = 0;
		};
/* End PBXResourcesBuildPhase section */

/* Begin PBXSourcesBuildPhase section */
		215A316776FA001272317747 /* Sources */ = {
			isa = PBXSourcesBuildPhase;
			buildActionMask = 2147483647;
			files = (
				4421099262DE001272317747 /* Config.cpp in Sources */,
				615112FE1994001272317747 /* FacadeApp.cpp in Sources */,
				65BC44BA23B8001272317747 /* Scene.cpp in Sources */,
				2E3A7ABE64F5001272317747 /* SceneManager.cpp in Sources */,
				0AF01D2575B8001272317747 /* main.cpp in Sources */,
				7F6820AA2B22001272317747 /* Bitmap.cpp in Sources */,
				4FD21A040C22001272317747 /* Image.cpp in Sources */,
				1C626D746D79001272317747 /* Sprite.cpp in Sources */,
			);
			runOnlyForDeploymentPostprocessing = 0;
		};
/* End PBXSourcesBuildPhase section */

/* Begin PBXTargetDependency section */
		2E0B623515FC001272317747 /* PBXTargetDependency */ = {
			isa = PBXTargetDependency;
			name = libfacade.a;
			targetProxy = 10BA435243D4001272317747 /* PBXContainerItemProxy */;
		};
/* End PBXTargetDependency section */

/* Begin XCBuildConfiguration section */
		347E3F367466001272317747 /* Debug */ = {
			isa = XCBuildConfiguration;
			buildSettings = {
				ALWAYS_SEARCH_USER_PATHS = NO;
				CONFIGURATION_BUILD_DIR = ../bin;
				GCC_DYNAMIC_NO_PIC = NO;
				GCC_MODEL_TUNING = G5;
				INSTALL_PATH = /usr/local/bin;
				PRODUCT_NAME = "rc-facade";
			};
			name = Debug;
		};
		59F429713A9F001272317747 /* Release */ = {
			isa = XCBuildConfiguration;
			buildSettings = {
				ARCHS = "$(NATIVE_ARCH_ACTUAL)";
				CONFIGURATION_BUILD_DIR = "$(SYMROOT)";
				CONFIGURATION_TEMP_DIR = "$(OBJROOT)";
				GCC_C_LANGUAGE_STANDARD = gnu99;
				GCC_OPTIMIZATION_LEVEL = s;
				GCC_PREPROCESSOR_DEFINITIONS = NDEBUG;
				GCC_WARN_ABOUT_RETURN_TYPE = YES;
				GCC_WARN_UNUSED_VARIABLE = YES;
				HEADER_SEARCH_PATHS = (
					../src,
					../externals/visualframework/src,
					../externals/visualframework/src/visualframework,
					../externals/xmlframework/src,
					../externals/oscframework/src,
					../externals,
					../../../../../opt/local/include,
				);
				LIBRARY_SEARCH_PATHS = (
					../externals/visualframework/src/visualframework,
					../externals/xmlframework/src/xmlframework,
					../externals/oscframework/src/oscframework,
					../../../../../opt/local/lib,
				);
				OBJROOT = "../obj/Release/rc-facade";
				ONLY_ACTIVE_ARCH = NO;
				OTHER_LDFLAGS = (
					"-loscframework",
					"-lxmlframework",
					"-lvisualframework",
					"-lSDL_net",
					"-lSDL_ttf",
					"-llo",
					"-lpthread",
					"-lSDLmain",
					"-lSDL",
					"-lSDL_gfx",
					"-Wl,-framework,Cocoa",
					"-Wl,-framework,OpenGL",
					"-Wl,-framework,ApplicationServices",
					"-Wl,-framework,Carbon",
					"-Wl,-framework,AudioToolbox",
					"-Wl,-framework,AudioUnit",
					"-Wl,-framework,IOKit",
				);
				PREBINDING = NO;
				SYMROOT = ../bin;
			};
			name = Release;
		};
		62867E2157A6001272317747 /* Release */ = {
			isa = XCBuildConfiguration;
			buildSettings = {
				ALWAYS_SEARCH_USER_PATHS = NO;
				CONFIGURATION_BUILD_DIR = ../bin;
				DEBUG_INFORMATION_FORMAT = "dwarf-with-dsym";
				GCC_DYNAMIC_NO_PIC = NO;
				GCC_MODEL_TUNING = G5;
				INSTALL_PATH = /usr/local/bin;
				PRODUCT_NAME = "rc-facade";
			};
			name = Release;
		};
		7E1661782683001272317747 /* Debug */ = {
			isa = XCBuildConfiguration;
			buildSettings = {
				ARCHS = "$(NATIVE_ARCH_ACTUAL)";
				CONFIGURATION_BUILD_DIR = "$(SYMROOT)";
				CONFIGURATION_TEMP_DIR = "$(OBJROOT)";
				COPY_PHASE_STRIP = NO;
				GCC_C_LANGUAGE_STANDARD = gnu99;
				GCC_ENABLE_FIX_AND_CONTINUE = YES;
				GCC_OPTIMIZATION_LEVEL = 0;
				GCC_PREPROCESSOR_DEFINITIONS = DEBUG;
				GCC_WARN_ABOUT_RETURN_TYPE = YES;
				GCC_WARN_UNUSED_VARIABLE = YES;
				HEADER_SEARCH_PATHS = (
					../src,
					../externals/visualframework/src,
					../externals/visualframework/src/visualframework,
					../externals/xmlframework/src,
					../externals/oscframework/src,
					../externals,
					../../../../../opt/local/include,
				);
				LIBRARY_SEARCH_PATHS = (
					../externals/visualframework/src/visualframework,
					../externals/xmlframework/src/xmlframework,
					../externals/oscframework/src/oscframework,
					../../../../../opt/local/lib,
				);
				OBJROOT = "../obj/Debug/rc-facade";
				ONLY_ACTIVE_ARCH = NO;
				OTHER_LDFLAGS = (
					"-loscframework",
					"-lxmlframework",
					"-lvisualframework",
					"-lSDL_net",
					"-lSDL_ttf",
					"-llo",
					"-lpthread",
					"-lSDLmain",
					"-lSDL",
					"-lSDL_gfx",
					"-Wl,-framework,Cocoa",
					"-Wl,-framework,OpenGL",
					"-Wl,-framework,ApplicationServices",
					"-Wl,-framework,Carbon",
					"-Wl,-framework,AudioToolbox",
					"-Wl,-framework,AudioUnit",
					"-Wl,-framework,IOKit",
				);
				PREBINDING = NO;
				SYMROOT = ../bin;
			};
			name = Debug;
		};
/* End XCBuildConfiguration section */

/* Begin XCConfigurationList section */
		1DEB928908733DD80010E9CD /* Build configuration list for PBXProject "rc-facade" */ = {
			isa = XCConfigurationList;
			buildConfigurations = (
				7E1661782683001272317747 /* Debug */,
				59F429713A9F001272317747 /* Release */,
			);
			defaultConfigurationIsVisible = 0;
			defaultConfigurationName = Debug;
		};
		3C3218C760CC001272317747 /* Build configuration list for PBXNativeTarget "rc-facade" */ = {
			isa = XCConfigurationList;
			buildConfigurations = (
				347E3F367466001272317747 /* Debug */,
				62867E2157A6001272317747 /* Release */,
			);
			defaultConfigurationIsVisible = 0;
			defaultConfigurationName = Debug;
		};
/* End XCConfigurationList section */
	};
	rootObject = 08FB7793FE84155DC02AAC07 /* Project object */;
}
