// !$*UTF8*$!
{
	archiveVersion = 1;
	classes = {
	};
	objectVersion = 45;
	objects = {

/* Begin PBXBuildFile section */
		0D6B22A27045001280203858 /* Side.cpp in Sources */ = {isa = PBXBuildFile; fileRef = 7AF0267D5AD5001280203858 /* Side.cpp */; };
		46AD2DA75BB0001280203858 /* FrameBuffer.cpp in Sources */ = {isa = PBXBuildFile; fileRef = 52F62A2A4604001280203858 /* FrameBuffer.cpp */; };
		62F17AE219E5001280203858 /* Facade.cpp in Sources */ = {isa = PBXBuildFile; fileRef = 0C6032557AA4001280203858 /* Facade.cpp */; };
/* End PBXBuildFile section */

/* Begin PBXFileReference section */
		04A77AE35FF1001280203858 /* SideMainBuildingWest.h */ = {isa = PBXFileReference; lastKnownFileType = sourcecode.c.h; path = SideMainBuildingWest.h; sourceTree = "<group>"; };
		06614BFD03FB001280203858 /* SideMainBuildingSouthStreetLevel.h */ = {isa = PBXFileReference; lastKnownFileType = sourcecode.c.h; path = SideMainBuildingSouthStreetLevel.h; sourceTree = "<group>"; };
		0C6032557AA4001280203858 /* Facade.cpp */ = {isa = PBXFileReference; lastKnownFileType = sourcecode.cpp.cpp; path = Facade.cpp; sourceTree = "<group>"; };
		1A0C3981644C001280203858 /* FrameBuffer.h */ = {isa = PBXFileReference; lastKnownFileType = sourcecode.c.h; path = FrameBuffer.h; sourceTree = "<group>"; };
		2C8F6D444CB9001280203858 /* libfacade.a */ = {isa = PBXFileReference; explicitFileType = archive.ar; includeInIndex = 0; path = libfacade.a; sourceTree = BUILT_PRODUCTS_DIR; };
		2F8E1A1E409D001280203858 /* SideMainBuildingEast.h */ = {isa = PBXFileReference; lastKnownFileType = sourcecode.c.h; path = SideMainBuildingEast.h; sourceTree = "<group>"; };
		404531A152BC001280203858 /* SideMainBuildingNorth.h */ = {isa = PBXFileReference; lastKnownFileType = sourcecode.c.h; path = SideMainBuildingNorth.h; sourceTree = "<group>"; };
		488518496310001280203858 /* Facade.h */ = {isa = PBXFileReference; lastKnownFileType = sourcecode.c.h; path = Facade.h; sourceTree = "<group>"; };
		4E303D527578001280203858 /* SideFuturelabEast.h */ = {isa = PBXFileReference; lastKnownFileType = sourcecode.c.h; path = SideFuturelabEast.h; sourceTree = "<group>"; };
		52F62A2A4604001280203858 /* FrameBuffer.cpp */ = {isa = PBXFileReference; lastKnownFileType = sourcecode.cpp.cpp; path = FrameBuffer.cpp; sourceTree = "<group>"; };
		5AEE5DDA162D001280203858 /* SideFuturelabNorth.h */ = {isa = PBXFileReference; lastKnownFileType = sourcecode.c.h; path = SideFuturelabNorth.h; sourceTree = "<group>"; };
		5EA935F90B8F001280203858 /* Building.h */ = {isa = PBXFileReference; lastKnownFileType = sourcecode.c.h; path = Building.h; sourceTree = "<group>"; };
		62B22E9B495B001280203858 /* SideMainBuildingSouth.h */ = {isa = PBXFileReference; lastKnownFileType = sourcecode.c.h; path = SideMainBuildingSouth.h; sourceTree = "<group>"; };
		7753095822F4001280203858 /* Side.h */ = {isa = PBXFileReference; lastKnownFileType = sourcecode.c.h; path = Side.h; sourceTree = "<group>"; };
		779B1872162C001280203858 /* SideFuturelabSouth.h */ = {isa = PBXFileReference; lastKnownFileType = sourcecode.c.h; path = SideFuturelabSouth.h; sourceTree = "<group>"; };
		7AF0267D5AD5001280203858 /* Side.cpp */ = {isa = PBXFileReference; lastKnownFileType = sourcecode.cpp.cpp; path = Side.cpp; sourceTree = "<group>"; };
/* End PBXFileReference section */

/* Begin PBXFrameworksBuildPhase section */
		23743222703D001280203858 /* Frameworks */ = {
			isa = PBXFrameworksBuildPhase;
			buildActionMask = 2147483647;
			files = (
			);
			runOnlyForDeploymentPostprocessing = 0;
		};
/* End PBXFrameworksBuildPhase section */

/* Begin PBXGroup section */
		1AF57B910429001280203858 /* facade */ = {
			isa = PBXGroup;
			children = (
				4887399C4F46001280203858 /* src */,
				68FD6F4A0660001280203858 /* Products */,
			);
			name = facade;
			sourceTree = "<group>";
		};
		2A242C5F3103001280203858 /* facade */ = {
			isa = PBXGroup;
			children = (
				5EA935F90B8F001280203858 /* Building.h */,
				0C6032557AA4001280203858 /* Facade.cpp */,
				488518496310001280203858 /* Facade.h */,
				52F62A2A4604001280203858 /* FrameBuffer.cpp */,
				1A0C3981644C001280203858 /* FrameBuffer.h */,
				7AF0267D5AD5001280203858 /* Side.cpp */,
				7753095822F4001280203858 /* Side.h */,
				4E303D527578001280203858 /* SideFuturelabEast.h */,
				5AEE5DDA162D001280203858 /* SideFuturelabNorth.h */,
				779B1872162C001280203858 /* SideFuturelabSouth.h */,
				2F8E1A1E409D001280203858 /* SideMainBuildingEast.h */,
				404531A152BC001280203858 /* SideMainBuildingNorth.h */,
				62B22E9B495B001280203858 /* SideMainBuildingSouth.h */,
				06614BFD03FB001280203858 /* SideMainBuildingSouthStreetLevel.h */,
				04A77AE35FF1001280203858 /* SideMainBuildingWest.h */,
			);
			path = facade;
			sourceTree = "<group>";
		};
		4887399C4F46001280203858 /* src */ = {
			isa = PBXGroup;
			children = (
				2A242C5F3103001280203858 /* facade */,
			);
			name = src;
			path = ../src;
			sourceTree = "<group>";
		};
		68FD6F4A0660001280203858 /* Products */ = {
			isa = PBXGroup;
			children = (
				2C8F6D444CB9001280203858 /* libfacade.a */,
			);
			name = Products;
			sourceTree = "<group>";
		};
/* End PBXGroup section */

/* Begin PBXNativeTarget section */
		2E2860220A77001280203858 /* facade */ = {
			isa = PBXNativeTarget;
			buildConfigurationList = 2211165C7A10001280203858 /* Build configuration list for PBXNativeTarget "facade" */;
			buildPhases = (
				39DC3867306C001280203858 /* Resources */,
				06B047DC5B14001280203858 /* Sources */,
				23743222703D001280203858 /* Frameworks */,
			);
			buildRules = (
			);
			dependencies = (
			);
			name = facade;
			productName = facade;
			productReference = 2C8F6D444CB9001280203858 /* libfacade.a */;
			productType = "com.apple.product-type.library.static";
		};
/* End PBXNativeTarget section */

/* Begin PBXProject section */
		08FB7793FE84155DC02AAC07 /* Project object */ = {
			isa = PBXProject;
			buildConfigurationList = 1DEB928908733DD80010E9CD /* Build configuration list for PBXProject "facade" */;
			compatibilityVersion = "Xcode 3.1";
			hasScannedForEncodings = 1;
			mainGroup = 1AF57B910429001280203858 /* facade */;
			projectDirPath = "";
			projectRoot = "";
			targets = (
				2E2860220A77001280203858 /* facade */,
			);
		};
/* End PBXProject section */

/* Begin PBXResourcesBuildPhase section */
		39DC3867306C001280203858 /* Resources */ = {
			isa = PBXResourcesBuildPhase;
			buildActionMask = 2147483647;
			files = (
			);
			runOnlyForDeploymentPostprocessing = 0;
		};
/* End PBXResourcesBuildPhase section */

/* Begin PBXSourcesBuildPhase section */
		06B047DC5B14001280203858 /* Sources */ = {
			isa = PBXSourcesBuildPhase;
			buildActionMask = 2147483647;
			files = (
				62F17AE219E5001280203858 /* Facade.cpp in Sources */,
				46AD2DA75BB0001280203858 /* FrameBuffer.cpp in Sources */,
				0D6B22A27045001280203858 /* Side.cpp in Sources */,
			);
			runOnlyForDeploymentPostprocessing = 0;
		};
/* End PBXSourcesBuildPhase section */

/* Begin XCBuildConfiguration section */
		28312C9F14B5001280203858 /* Debug */ = {
			isa = XCBuildConfiguration;
			buildSettings = {
				ALWAYS_SEARCH_USER_PATHS = NO;
				CONFIGURATION_BUILD_DIR = ../src/facade;
				GCC_DYNAMIC_NO_PIC = NO;
				GCC_MODEL_TUNING = G5;
				INSTALL_PATH = /usr/local/lib;
				PRODUCT_NAME = facade;
			};
			name = Debug;
		};
		2D5B487719C4001280203858 /* Release */ = {
			isa = XCBuildConfiguration;
			buildSettings = {
				ARCHS = "$(NATIVE_ARCH_ACTUAL)";
				CONFIGURATION_BUILD_DIR = "$(SYMROOT)";
				CONFIGURATION_TEMP_DIR = "$(OBJROOT)";
				GCC_C_LANGUAGE_STANDARD = gnu99;
				GCC_OPTIMIZATION_LEVEL = s;
				GCC_PREPROCESSOR_DEFINITIONS = NDEBUG;
				GCC_WARN_ABOUT_RETURN_TYPE = YES;
				GCC_WARN_UNUSED_VARIABLE = YES;
				HEADER_SEARCH_PATHS = ../src;
				OBJROOT = ../obj/Release/facade;
				ONLY_ACTIVE_ARCH = NO;
				PREBINDING = NO;
				SYMROOT = ../src/facade;
			};
			name = Release;
		};
		5ED77A807964001280203858 /* Release */ = {
			isa = XCBuildConfiguration;
			buildSettings = {
				ALWAYS_SEARCH_USER_PATHS = NO;
				CONFIGURATION_BUILD_DIR = ../src/facade;
				DEBUG_INFORMATION_FORMAT = "dwarf-with-dsym";
				GCC_DYNAMIC_NO_PIC = NO;
				GCC_MODEL_TUNING = G5;
				INSTALL_PATH = /usr/local/lib;
				PRODUCT_NAME = facade;
			};
			name = Release;
		};
		776D3A851657001280203858 /* Debug */ = {
			isa = XCBuildConfiguration;
			buildSettings = {
				ARCHS = "$(NATIVE_ARCH_ACTUAL)";
				CONFIGURATION_BUILD_DIR = "$(SYMROOT)";
				CONFIGURATION_TEMP_DIR = "$(OBJROOT)";
				COPY_PHASE_STRIP = NO;
				GCC_C_LANGUAGE_STANDARD = gnu99;
				GCC_ENABLE_FIX_AND_CONTINUE = YES;
				GCC_OPTIMIZATION_LEVEL = 0;
				GCC_PREPROCESSOR_DEFINITIONS = DEBUG;
				GCC_WARN_ABOUT_RETURN_TYPE = YES;
				GCC_WARN_UNUSED_VARIABLE = YES;
				HEADER_SEARCH_PATHS = ../src;
				OBJROOT = ../obj/Debug/facade;
				ONLY_ACTIVE_ARCH = NO;
				PREBINDING = NO;
				SYMROOT = ../src/facade;
			};
			name = Debug;
		};
/* End XCBuildConfiguration section */

/* Begin XCConfigurationList section */
		1DEB928908733DD80010E9CD /* Build configuration list for PBXProject "facade" */ = {
			isa = XCConfigurationList;
			buildConfigurations = (
				776D3A851657001280203858 /* Debug */,
				2D5B487719C4001280203858 /* Release */,
			);
			defaultConfigurationIsVisible = 0;
			defaultConfigurationName = Debug;
		};
		2211165C7A10001280203858 /* Build configuration list for PBXNativeTarget "facade" */ = {
			isa = XCConfigurationList;
			buildConfigurations = (
				28312C9F14B5001280203858 /* Debug */,
				5ED77A807964001280203858 /* Release */,
			);
			defaultConfigurationIsVisible = 0;
			defaultConfigurationName = Debug;
		};
/* End XCConfigurationList section */
	};
	rootObject = 08FB7793FE84155DC02AAC07 /* Project object */;
}
