// !$*UTF8*$!
{
	archiveVersion = 1;
	classes = {
	};
	objectVersion = 45;
	objects = {

/* Begin PBXBuildFile section */
		6A4D7B2147B9001272557230 /* Facade.cpp in Sources */ = {isa = PBXBuildFile; fileRef = 45645F6514B0001272557230 /* Facade.cpp */; };
		730C42042BFA001272557230 /* FrameBuffer.cpp in Sources */ = {isa = PBXBuildFile; fileRef = 6EC01E917359001272557230 /* FrameBuffer.cpp */; };
		41122923734C001272557230 /* Side.cpp in Sources */ = {isa = PBXBuildFile; fileRef = 73745E2E22EE001272557230 /* Side.cpp */; };
/* End PBXBuildFile section */

/* Begin PBXFileReference section */
		0B260CF14C31001272557230 /* Building.h */ = {isa = PBXFileReference; lastKnownFileType = sourcecode.c.h; name = "Building.h"; path = "Building.h"; sourceTree = "<group>"; };
		45645F6514B0001272557230 /* Facade.cpp */ = {isa = PBXFileReference; lastKnownFileType = sourcecode.cpp.cpp; name = "Facade.cpp"; path = "Facade.cpp"; sourceTree = "<group>"; };
		6BBB49266416001272557230 /* Facade.h */ = {isa = PBXFileReference; lastKnownFileType = sourcecode.c.h; name = "Facade.h"; path = "Facade.h"; sourceTree = "<group>"; };
		6EC01E917359001272557230 /* FrameBuffer.cpp */ = {isa = PBXFileReference; lastKnownFileType = sourcecode.cpp.cpp; name = "FrameBuffer.cpp"; path = "FrameBuffer.cpp"; sourceTree = "<group>"; };
		475757F51A2E001272557230 /* FrameBuffer.h */ = {isa = PBXFileReference; lastKnownFileType = sourcecode.c.h; name = "FrameBuffer.h"; path = "FrameBuffer.h"; sourceTree = "<group>"; };
		73745E2E22EE001272557230 /* Side.cpp */ = {isa = PBXFileReference; lastKnownFileType = sourcecode.cpp.cpp; name = "Side.cpp"; path = "Side.cpp"; sourceTree = "<group>"; };
		25AB341B0FE8001272557230 /* Side.h */ = {isa = PBXFileReference; lastKnownFileType = sourcecode.c.h; name = "Side.h"; path = "Side.h"; sourceTree = "<group>"; };
		712809117694001272557230 /* SideFuturelabEast.h */ = {isa = PBXFileReference; lastKnownFileType = sourcecode.c.h; name = "SideFuturelabEast.h"; path = "SideFuturelabEast.h"; sourceTree = "<group>"; };
		721430734F9B001272557230 /* SideFuturelabNorth.h */ = {isa = PBXFileReference; lastKnownFileType = sourcecode.c.h; name = "SideFuturelabNorth.h"; path = "SideFuturelabNorth.h"; sourceTree = "<group>"; };
		6F054B4B6806001272557230 /* SideFuturelabSouth.h */ = {isa = PBXFileReference; lastKnownFileType = sourcecode.c.h; name = "SideFuturelabSouth.h"; path = "SideFuturelabSouth.h"; sourceTree = "<group>"; };
		210758E475B8001272557230 /* SideMainBuildingEast.h */ = {isa = PBXFileReference; lastKnownFileType = sourcecode.c.h; name = "SideMainBuildingEast.h"; path = "SideMainBuildingEast.h"; sourceTree = "<group>"; };
		3E1043A94A5E001272557230 /* SideMainBuildingNorth.h */ = {isa = PBXFileReference; lastKnownFileType = sourcecode.c.h; name = "SideMainBuildingNorth.h"; path = "SideMainBuildingNorth.h"; sourceTree = "<group>"; };
		0BC3468A4766001272557230 /* SideMainBuildingSouth.h */ = {isa = PBXFileReference; lastKnownFileType = sourcecode.c.h; name = "SideMainBuildingSouth.h"; path = "SideMainBuildingSouth.h"; sourceTree = "<group>"; };
		0E307D4B0822001272557230 /* SideMainBuildingSouthStreetLevel.h */ = {isa = PBXFileReference; lastKnownFileType = sourcecode.c.h; name = "SideMainBuildingSouthStreetLevel.h"; path = "SideMainBuildingSouthStreetLevel.h"; sourceTree = "<group>"; };
		78A204D14B39001272557230 /* SideMainBuildingWest.h */ = {isa = PBXFileReference; lastKnownFileType = sourcecode.c.h; name = "SideMainBuildingWest.h"; path = "SideMainBuildingWest.h"; sourceTree = "<group>"; };
		405B28EF6494001272557230 /* libfacade.a */ = {isa = PBXFileReference; explicitFileType = archive.ar; includeInIndex = 0; name = "libfacade.a"; path = "libfacade.a"; sourceTree = BUILT_PRODUCTS_DIR; };
/* End PBXFileReference section */

/* Begin PBXFrameworksBuildPhase section */
		2D40688529CF001272557230 /* Frameworks */ = {
			isa = PBXFrameworksBuildPhase;
			buildActionMask = 2147483647;
			files = (
			);
			runOnlyForDeploymentPostprocessing = 0;
		};
/* End PBXFrameworksBuildPhase section */

/* Begin PBXGroup section */
		26D24E6151E1001272557230 /* facade */ = {
			isa = PBXGroup;
			children = (
				275C1E3748C3001272557230 /* src */,
				2CED7EE56E5B001272557230 /* Products */,
			);
			name = facade;
			sourceTree = "<group>";
		};
		275C1E3748C3001272557230 /* src */ = {
			isa = PBXGroup;
			children = (
				3AC70BFA4FAD001272557230 /* facade */,
			);
			name = src;
			path = ../src;
			sourceTree = "<group>";
		};
		3AC70BFA4FAD001272557230 /* facade */ = {
			isa = PBXGroup;
			children = (
				0B260CF14C31001272557230 /* Building.h */,
				45645F6514B0001272557230 /* Facade.cpp */,
				6BBB49266416001272557230 /* Facade.h */,
				6EC01E917359001272557230 /* FrameBuffer.cpp */,
				475757F51A2E001272557230 /* FrameBuffer.h */,
				73745E2E22EE001272557230 /* Side.cpp */,
				25AB341B0FE8001272557230 /* Side.h */,
				712809117694001272557230 /* SideFuturelabEast.h */,
				721430734F9B001272557230 /* SideFuturelabNorth.h */,
				6F054B4B6806001272557230 /* SideFuturelabSouth.h */,
				210758E475B8001272557230 /* SideMainBuildingEast.h */,
				3E1043A94A5E001272557230 /* SideMainBuildingNorth.h */,
				0BC3468A4766001272557230 /* SideMainBuildingSouth.h */,
				0E307D4B0822001272557230 /* SideMainBuildingSouthStreetLevel.h */,
				78A204D14B39001272557230 /* SideMainBuildingWest.h */,
			);
			name = facade;
			path = facade;
			sourceTree = "<group>";
		};
		2CED7EE56E5B001272557230 /* Products */ = {
			isa = PBXGroup;
			children = (
				405B28EF6494001272557230 /* libfacade.a */,
			);
			name = Products;
			sourceTree = "<group>";
		};
/* End PBXGroup section */

/* Begin PBXNativeTarget section */
		35B670205180001272557230 /* facade */ = {
			isa = PBXNativeTarget;
			buildConfigurationList = 46546F475CDD001272557230 /* Build configuration list for PBXNativeTarget "facade" */;
			buildPhases = (
				60E5195B61E4001272557230 /* Resources */,
				74322DAA7AB9001272557230 /* Sources */,
				2D40688529CF001272557230 /* Frameworks */,
			);
			buildRules = (
			);
			dependencies = (
			);
			name = facade;
			productName = facade;
			productReference = 405B28EF6494001272557230 /* libfacade.a */;
			productType = "com.apple.product-type.library.static";
		};
/* End PBXNativeTarget section */

/* Begin PBXProject section */
		08FB7793FE84155DC02AAC07 /* Project object */ = {
			isa = PBXProject;
			buildConfigurationList = 1DEB928908733DD80010E9CD /* Build configuration list for PBXProject "facade" */;
			compatibilityVersion = "Xcode 3.1";
			hasScannedForEncodings = 1;
			mainGroup = 26D24E6151E1001272557230 /* facade */;
			projectDirPath = "";
			projectRoot = "";
			targets = (
				35B670205180001272557230 /* libfacade.a */,
			);
		};
/* End PBXProject section */

/* Begin PBXResourcesBuildPhase section */
		60E5195B61E4001272557230 /* Resources */ = {
			isa = PBXResourcesBuildPhase;
			buildActionMask = 2147483647;
			files = (
			);
			runOnlyForDeploymentPostprocessing = 0;
		};
/* End PBXResourcesBuildPhase section */

/* Begin PBXSourcesBuildPhase section */
		74322DAA7AB9001272557230 /* Sources */ = {
			isa = PBXSourcesBuildPhase;
			buildActionMask = 2147483647;
			files = (
				6A4D7B2147B9001272557230 /* Facade.cpp in Sources */,
				730C42042BFA001272557230 /* FrameBuffer.cpp in Sources */,
				41122923734C001272557230 /* Side.cpp in Sources */,
			);
			runOnlyForDeploymentPostprocessing = 0;
		};
/* End PBXSourcesBuildPhase section */

/* Begin PBXVariantGroup section */
/* End PBXVariantGroup section */

/* Begin XCBuildConfiguration section */
		09911AA21A0D001272557230 /* Debug */ = {
			isa = XCBuildConfiguration;
			buildSettings = {
				ALWAYS_SEARCH_USER_PATHS = NO;
				CONFIGURATION_BUILD_DIR = ../lib;
				GCC_DYNAMIC_NO_PIC = NO;
				GCC_MODEL_TUNING = G5;
				INSTALL_PATH = /usr/local/lib;
				PRODUCT_NAME = "facade";
			};
			name = "Debug";
		};
		3B4D4FD21C24001272557230 /* Release */ = {
			isa = XCBuildConfiguration;
			buildSettings = {
				ALWAYS_SEARCH_USER_PATHS = NO;
				DEBUG_INFORMATION_FORMAT = "dwarf-with-dsym";
				CONFIGURATION_BUILD_DIR = ../lib;
				GCC_DYNAMIC_NO_PIC = NO;
				GCC_MODEL_TUNING = G5;
				INSTALL_PATH = /usr/local/lib;
				PRODUCT_NAME = "facade";
			};
			name = "Release";
		};
		616A0F0B42AC001272557230 /* Debug */ = {
			isa = XCBuildConfiguration;
			buildSettings = {
				ARCHS = "$(NATIVE_ARCH_ACTUAL)";
				CONFIGURATION_BUILD_DIR = "$(SYMROOT)";
				CONFIGURATION_TEMP_DIR = "$(OBJROOT)";
				COPY_PHASE_STRIP = NO;
				GCC_C_LANGUAGE_STANDARD = gnu99;
				GCC_ENABLE_FIX_AND_CONTINUE = YES;
				GCC_OPTIMIZATION_LEVEL = 0;
				GCC_PREPROCESSOR_DEFINITIONS = (
					"DEBUG",
				);
				GCC_WARN_ABOUT_RETURN_TYPE = YES;
				GCC_WARN_UNUSED_VARIABLE = YES;
				HEADER_SEARCH_PATHS = (
					"../src",
					"../externals",
					"../externals/visualframework",
					"../externals/xmlframework",
					"../externals/oscframework",
					"../../../../../opt/local/include",
				);
				LIBRARY_SEARCH_PATHS = (
					"../externals/visualframework",
					"../../../../../opt/local/lib",
				);
				OBJROOT = "../obj/Debug/facade";
				ONLY_ACTIVE_ARCH = NO;
				OTHER_CFLAGS = (
					"-fvisibility-inlines-hidden",
				);
				OTHER_LDFLAGS = (
					"-lvisualframework",
					"-lSDL_net",
				);
				PREBINDING = NO;
				SYMROOT = "../lib";
			};
			name = "Debug";
		};
		3D93159435FB001272557230 /* Release */ = {
			isa = XCBuildConfiguration;
			buildSettings = {
				ARCHS = "$(NATIVE_ARCH_ACTUAL)";
				CONFIGURATION_BUILD_DIR = "$(SYMROOT)";
				CONFIGURATION_TEMP_DIR = "$(OBJROOT)";
				GCC_C_LANGUAGE_STANDARD = gnu99;
				GCC_OPTIMIZATION_LEVEL = s;
				GCC_PREPROCESSOR_DEFINITIONS = (
					"NDEBUG",
				);
				GCC_WARN_ABOUT_RETURN_TYPE = YES;
				GCC_WARN_UNUSED_VARIABLE = YES;
				HEADER_SEARCH_PATHS = (
					"../src",
					"../externals",
					"../externals/visualframework",
					"../externals/xmlframework",
					"../externals/oscframework",
					"../../../../../opt/local/include",
				);
				LIBRARY_SEARCH_PATHS = (
					"../externals/visualframework",
					"../../../../../opt/local/lib",
				);
				OBJROOT = "../obj/Release/facade";
				ONLY_ACTIVE_ARCH = NO;
				OTHER_CFLAGS = (
					"-fvisibility-inlines-hidden",
				);
				OTHER_LDFLAGS = (
					"-lvisualframework",
					"-lSDL_net",
				);
				PREBINDING = NO;
				SYMROOT = "../lib";
			};
			name = "Release";
		};
/* End XCBuildConfiguration section */

/* Begin XCConfigurationList section */
		46546F475CDD001272557230 /* Build configuration list for PBXNativeTarget "libfacade.a" */ = {
			isa = XCConfigurationList;
			buildConfigurations = (
				09911AA21A0D001272557230 /* Debug */,
				3B4D4FD21C24001272557230 /* Release */,
			);
			defaultConfigurationIsVisible = 0;
			defaultConfigurationName = "Debug";
		};
		1DEB928908733DD80010E9CD /* Build configuration list for PBXProject "facade" */ = {
			isa = XCConfigurationList;
			buildConfigurations = (
				616A0F0B42AC001272557230 /* Debug */,
				3D93159435FB001272557230 /* Release */,
			);
			defaultConfigurationIsVisible = 0;
			defaultConfigurationName = "Debug";
		};
/* End XCConfigurationList section */

	};
	rootObject = 08FB7793FE84155DC02AAC07 /* Project object */;
}
