// !$*UTF8*$!
{
	archiveVersion = 1;
	classes = {
	};
	objectVersion = 45;
	objects = {

/* Begin PBXBuildFile section */
		2E49649F20DE001279962429 /* Sprite.cpp in Sources */ = {isa = PBXBuildFile; fileRef = 2C7D65623B8D001279962429 /* Sprite.cpp */; };
		3A1A0B28251E001279962429 /* main.cpp in Sources */ = {isa = PBXBuildFile; fileRef = 653A575A1102001279962429 /* main.cpp */; };
		3F41516E3269001279962429 /* Config.cpp in Sources */ = {isa = PBXBuildFile; fileRef = 763A618D1E4E001279962429 /* Config.cpp */; };
		40A92E5B0C44001279962429 /* Bitmap.cpp in Sources */ = {isa = PBXBuildFile; fileRef = 159C69B0231E001279962429 /* Bitmap.cpp */; };
		418708AC11D5001279962429 /* Facade.cpp in Sources */ = {isa = PBXBuildFile; fileRef = 186139982D2A001279962429 /* Facade.cpp */; };
		4331560F2A43001279962429 /* SceneManager.cpp in Sources */ = {isa = PBXBuildFile; fileRef = 6306456D2EB4001279962429 /* SceneManager.cpp */; };
		447F03F37B5F001279962429 /* Scene.cpp in Sources */ = {isa = PBXBuildFile; fileRef = 3B0C47764E4F001279962429 /* Scene.cpp */; };
		4F9175005BBE001279962429 /* App.cpp in Sources */ = {isa = PBXBuildFile; fileRef = 0D7C07367B21001279962429 /* App.cpp */; };
		6FF40DF178EA001279962429 /* Image.cpp in Sources */ = {isa = PBXBuildFile; fileRef = 253779A43886001279962429 /* Image.cpp */; };
		7DB863FE4357001279962429 /* libfacade.a in Frameworks */ = {isa = PBXBuildFile; fileRef = 11B87C7B2C7D001279962429 /* libfacade.a */; };
/* End PBXBuildFile section */

/* Begin PBXContainerItemProxy section */
		3CFD36B46CB6001279962429 /* PBXContainerItemProxy */ = {
			isa = PBXContainerItemProxy;
			containerPortal = 5B44098B11AB001279962429 /* facade.xcodeproj */;
			proxyType = 1;
			remoteGlobalIDString = 757E25147DFF001279962429;
			remoteInfo = libfacade.a;
		};
		4E623B5E1E48001279962429 /* PBXContainerItemProxy */ = {
			isa = PBXContainerItemProxy;
			containerPortal = 5B44098B11AB001279962429 /* facade.xcodeproj */;
			proxyType = 2;
			remoteGlobalIDString = 3AB3689347F2001279962429;
			remoteInfo = libfacade.a;
		};
/* End PBXContainerItemProxy section */

/* Begin PBXFileReference section */
		02241C4A7BC8001279962429 /* Line.h */ = {isa = PBXFileReference; lastKnownFileType = sourcecode.c.h; path = Line.h; sourceTree = "<group>"; };
		0CB002B07338001279962429 /* Sprite.h */ = {isa = PBXFileReference; lastKnownFileType = sourcecode.c.h; path = Sprite.h; sourceTree = "<group>"; };
		0D7C07367B21001279962429 /* App.cpp */ = {isa = PBXFileReference; lastKnownFileType = sourcecode.cpp.cpp; path = App.cpp; sourceTree = "<group>"; };
		11FF24CB4663001279962429 /* Rect.h */ = {isa = PBXFileReference; lastKnownFileType = sourcecode.c.h; path = Rect.h; sourceTree = "<group>"; };
		159C69B0231E001279962429 /* Bitmap.cpp */ = {isa = PBXFileReference; lastKnownFileType = sourcecode.cpp.cpp; path = Bitmap.cpp; sourceTree = "<group>"; };
		186139982D2A001279962429 /* Facade.cpp */ = {isa = PBXFileReference; lastKnownFileType = sourcecode.cpp.cpp; path = Facade.cpp; sourceTree = "<group>"; };
		1BCB3C6A0A30001279962429 /* SceneManager.h */ = {isa = PBXFileReference; lastKnownFileType = sourcecode.c.h; path = SceneManager.h; sourceTree = "<group>"; };
		1EE17B8A5013001279962429 /* rc-facade */ = {isa = PBXFileReference; explicitFileType = "compiled.mach-o.executable"; includeInIndex = 0; path = "rc-facade"; sourceTree = BUILT_PRODUCTS_DIR; };
		253779A43886001279962429 /* Image.cpp */ = {isa = PBXFileReference; lastKnownFileType = sourcecode.cpp.cpp; path = Image.cpp; sourceTree = "<group>"; };
		275D0B510AFF001279962429 /* Common.h */ = {isa = PBXFileReference; lastKnownFileType = sourcecode.c.h; path = Common.h; sourceTree = "<group>"; };
		2C7D65623B8D001279962429 /* Sprite.cpp */ = {isa = PBXFileReference; lastKnownFileType = sourcecode.cpp.cpp; path = Sprite.cpp; sourceTree = "<group>"; };
		2D7423BD4D8E001279962429 /* Config.h */ = {isa = PBXFileReference; lastKnownFileType = sourcecode.c.h; path = Config.h; sourceTree = "<group>"; };
		3B0C47764E4F001279962429 /* Scene.cpp */ = {isa = PBXFileReference; lastKnownFileType = sourcecode.cpp.cpp; path = Scene.cpp; sourceTree = "<group>"; };
		3C4D7B957440001279962429 /* App.h */ = {isa = PBXFileReference; lastKnownFileType = sourcecode.c.h; path = App.h; sourceTree = "<group>"; };
		3D445BCB142D001279962429 /* Facade.h */ = {isa = PBXFileReference; lastKnownFileType = sourcecode.c.h; path = Facade.h; sourceTree = "<group>"; };
		40D71EE22DA5001279962429 /* Objects.h */ = {isa = PBXFileReference; lastKnownFileType = sourcecode.c.h; path = Objects.h; sourceTree = "<group>"; };
		49EF7E864FD2001279962429 /* DrawableObject.h */ = {isa = PBXFileReference; lastKnownFileType = sourcecode.c.h; path = DrawableObject.h; sourceTree = "<group>"; };
		4EA15EFE7726001279962429 /* Scene.h */ = {isa = PBXFileReference; lastKnownFileType = sourcecode.c.h; path = Scene.h; sourceTree = "<group>"; };
		4F4F68183CDC001279962429 /* Pixel.h */ = {isa = PBXFileReference; lastKnownFileType = sourcecode.c.h; path = Pixel.h; sourceTree = "<group>"; };
		551F679503CE001279962429 /* Bitmap.h */ = {isa = PBXFileReference; lastKnownFileType = sourcecode.c.h; path = Bitmap.h; sourceTree = "<group>"; };
		5B44098B11AB001279962429 /* facade.xcodeproj */ = {isa = PBXFileReference; lastKnownFileType = "wrapper.pb-project"; path = facade.xcodeproj; sourceTree = SOURCE_ROOT; };
		62893B6726C5001279962429 /* Image.h */ = {isa = PBXFileReference; lastKnownFileType = sourcecode.c.h; path = Image.h; sourceTree = "<group>"; };
		6306456D2EB4001279962429 /* SceneManager.cpp */ = {isa = PBXFileReference; lastKnownFileType = sourcecode.cpp.cpp; path = SceneManager.cpp; sourceTree = "<group>"; };
		653A575A1102001279962429 /* main.cpp */ = {isa = PBXFileReference; lastKnownFileType = sourcecode.cpp.cpp; path = main.cpp; sourceTree = "<group>"; };
		763A618D1E4E001279962429 /* Config.cpp */ = {isa = PBXFileReference; lastKnownFileType = sourcecode.cpp.cpp; path = Config.cpp; sourceTree = "<group>"; };
/* End PBXFileReference section */

/* Begin PBXFrameworksBuildPhase section */
		12295A823398001279962429 /* Frameworks */ = {
			isa = PBXFrameworksBuildPhase;
			buildActionMask = 2147483647;
			files = (
				7DB863FE4357001279962429 /* libfacade.a in Frameworks */,
			);
			runOnlyForDeploymentPostprocessing = 0;
		};
/* End PBXFrameworksBuildPhase section */

/* Begin PBXGroup section */
		019E60EC27CB001279962429 /* rc-facade */ = {
			isa = PBXGroup;
			children = (
				250668032309001279962429 /* src */,
				03CB460B7E41001279962429 /* Products */,
				11AD2A7570D1001279962429 /* Projects */,
			);
			name = "rc-facade";
			sourceTree = "<group>";
		};
		03CB460B7E41001279962429 /* Products */ = {
			isa = PBXGroup;
			children = (
				1EE17B8A5013001279962429 /* rc-facade */,
			);
			name = Products;
			sourceTree = "<group>";
		};
		11AD2A7570D1001279962429 /* Projects */ = {
			isa = PBXGroup;
			children = (
				5B44098B11AB001279962429 /* facade.xcodeproj */,
			);
			name = Projects;
			sourceTree = "<group>";
		};
		250668032309001279962429 /* src */ = {
			isa = PBXGroup;
			children = (
				3C6E7ECF6F96001279962429 /* common */,
				4B8A6F86512F001279962429 /* rc-facade */,
			);
			name = src;
			path = ../src;
			sourceTree = "<group>";
		};
		28E44C5E433E001279962429 /* Products */ = {
			isa = PBXGroup;
			children = (
				11B87C7B2C7D001279962429 /* libfacade.a */,
			);
			name = Products;
			sourceTree = "<group>";
		};
		3C6E7ECF6F96001279962429 /* common */ = {
			isa = PBXGroup;
			children = (
				186139982D2A001279962429 /* Facade.cpp */,
				3D445BCB142D001279962429 /* Facade.h */,
			);
			path = common;
			sourceTree = "<group>";
		};
		4B8A6F86512F001279962429 /* rc-facade */ = {
			isa = PBXGroup;
			children = (
				0D7C07367B21001279962429 /* App.cpp */,
				3C4D7B957440001279962429 /* App.h */,
				275D0B510AFF001279962429 /* Common.h */,
				763A618D1E4E001279962429 /* Config.cpp */,
				2D7423BD4D8E001279962429 /* Config.h */,
				3B0C47764E4F001279962429 /* Scene.cpp */,
				4EA15EFE7726001279962429 /* Scene.h */,
				6306456D2EB4001279962429 /* SceneManager.cpp */,
				1BCB3C6A0A30001279962429 /* SceneManager.h */,
				653A575A1102001279962429 /* main.cpp */,
				6BE662617F2D001279962429 /* objects */,
			);
			path = "rc-facade";
			sourceTree = "<group>";
		};
		6BE662617F2D001279962429 /* objects */ = {
			isa = PBXGroup;
			children = (
				159C69B0231E001279962429 /* Bitmap.cpp */,
				551F679503CE001279962429 /* Bitmap.h */,
				49EF7E864FD2001279962429 /* DrawableObject.h */,
				253779A43886001279962429 /* Image.cpp */,
				62893B6726C5001279962429 /* Image.h */,
				02241C4A7BC8001279962429 /* Line.h */,
				40D71EE22DA5001279962429 /* Objects.h */,
				4F4F68183CDC001279962429 /* Pixel.h */,
				11FF24CB4663001279962429 /* Rect.h */,
				2C7D65623B8D001279962429 /* Sprite.cpp */,
				0CB002B07338001279962429 /* Sprite.h */,
			);
			path = objects;
			sourceTree = "<group>";
		};
/* End PBXGroup section */

/* Begin PBXNativeTarget section */
		3A8E50B32092001279962429 /* rc-facade */ = {
			isa = PBXNativeTarget;
			buildConfigurationList = 28551E880720001279962429 /* Build configuration list for PBXNativeTarget "rc-facade" */;
			buildPhases = (
				6A1670E03FBC001279962429 /* Resources */,
				0DB30269667A001279962429 /* Sources */,
				12295A823398001279962429 /* Frameworks */,
			);
			buildRules = (
			);
			dependencies = (
				3F7935D54559001279962429 /* PBXTargetDependency */,
			);
			name = "rc-facade";
			productInstallPath = "$(HOME)/bin";
			productName = "rc-facade";
			productReference = 1EE17B8A5013001279962429 /* rc-facade */;
			productType = "com.apple.product-type.tool";
		};
/* End PBXNativeTarget section */

/* Begin PBXProject section */
		08FB7793FE84155DC02AAC07 /* Project object */ = {
			isa = PBXProject;
			buildConfigurationList = 1DEB928908733DD80010E9CD /* Build configuration list for PBXProject "rc-facade" */;
			compatibilityVersion = "Xcode 3.1";
			hasScannedForEncodings = 1;
			mainGroup = 019E60EC27CB001279962429 /* rc-facade */;
			projectDirPath = "";
			projectReferences = (
				{
					ProductGroup = 28E44C5E433E001279962429 /* Products */;
					ProjectRef = 5B44098B11AB001279962429 /* facade.xcodeproj */;
				},
			);
			projectRoot = "";
			targets = (
				3A8E50B32092001279962429 /* rc-facade */,
			);
		};
/* End PBXProject section */

/* Begin PBXReferenceProxy section */
		11B87C7B2C7D001279962429 /* libfacade.a */ = {
			isa = PBXReferenceProxy;
			fileType = archive.ar;
			path = libfacade.a;
			remoteRef = 4E623B5E1E48001279962429 /* PBXContainerItemProxy */;
			sourceTree = BUILT_PRODUCTS_DIR;
		};
/* End PBXReferenceProxy section */

/* Begin PBXResourcesBuildPhase section */
		6A1670E03FBC001279962429 /* Resources */ = {
			isa = PBXResourcesBuildPhase;
			buildActionMask = 2147483647;
			files = (
			);
			runOnlyForDeploymentPostprocessing = 0;
		};
/* End PBXResourcesBuildPhase section */

/* Begin PBXSourcesBuildPhase section */
		0DB30269667A001279962429 /* Sources */ = {
			isa = PBXSourcesBuildPhase;
			buildActionMask = 2147483647;
			files = (
				418708AC11D5001279962429 /* Facade.cpp in Sources */,
				4F9175005BBE001279962429 /* App.cpp in Sources */,
				3F41516E3269001279962429 /* Config.cpp in Sources */,
				447F03F37B5F001279962429 /* Scene.cpp in Sources */,
				4331560F2A43001279962429 /* SceneManager.cpp in Sources */,
				3A1A0B28251E001279962429 /* main.cpp in Sources */,
				40A92E5B0C44001279962429 /* Bitmap.cpp in Sources */,
				6FF40DF178EA001279962429 /* Image.cpp in Sources */,
				2E49649F20DE001279962429 /* Sprite.cpp in Sources */,
			);
			runOnlyForDeploymentPostprocessing = 0;
		};
/* End PBXSourcesBuildPhase section */

/* Begin PBXTargetDependency section */
		3F7935D54559001279962429 /* PBXTargetDependency */ = {
			isa = PBXTargetDependency;
			name = libfacade.a;
			targetProxy = 3CFD36B46CB6001279962429 /* PBXContainerItemProxy */;
		};
/* End PBXTargetDependency section */

/* Begin XCBuildConfiguration section */
		07EC3E331FCF001279962429 /* Debug */ = {
			isa = XCBuildConfiguration;
			buildSettings = {
				ARCHS = "$(NATIVE_ARCH_ACTUAL)";
				CONFIGURATION_BUILD_DIR = "$(SYMROOT)";
				CONFIGURATION_TEMP_DIR = "$(OBJROOT)";
				COPY_PHASE_STRIP = NO;
				GCC_C_LANGUAGE_STANDARD = gnu99;
				GCC_ENABLE_FIX_AND_CONTINUE = YES;
				GCC_OPTIMIZATION_LEVEL = 0;
				GCC_PREPROCESSOR_DEFINITIONS = DEBUG;
				GCC_WARN_ABOUT_RETURN_TYPE = YES;
				GCC_WARN_UNUSED_VARIABLE = YES;
				HEADER_SEARCH_PATHS = (
					../src,
					../externals,
					../externals/visualframework,
					../externals/xmlframework,
					../externals/oscframework,
					../../../../../opt/local/include,
				);
				LIBRARY_SEARCH_PATHS = (
					../externals/visualframework,
					../externals/xmlframework,
					../externals/oscframework,
					../../../../../opt/local/lib,
				);
				OBJROOT = "../obj/Debug/rc-facade";
				ONLY_ACTIVE_ARCH = NO;
				OTHER_LDFLAGS = (
					"-loscframework",
					"-lxmlframework",
					"-lvisualframework",
					"-lSDL_net",
					"-lSDL_ttf",
					"-llo",
					"-lpthread",
					"-lSDLmain",
					"-lSDL",
					"-lSDL_gfx",
					"-lSDL_image",
					"-Wl,-framework,Cocoa",
					"-Wl,-framework,OpenGL",
					"-Wl,-framework,ApplicationServices",
					"-Wl,-framework,Carbon",
					"-Wl,-framework,AudioToolbox",
					"-Wl,-framework,AudioUnit",
					"-Wl,-framework,IOKit",
				);
				PREBINDING = NO;
				SYMROOT = "../src/rc-facade";
			};
			name = Debug;
		};
		5A835FB11EAE001279962429 /* Release */ = {
			isa = XCBuildConfiguration;
			buildSettings = {
				ALWAYS_SEARCH_USER_PATHS = NO;
				CONFIGURATION_BUILD_DIR = "../src/rc-facade";
				DEBUG_INFORMATION_FORMAT = "dwarf-with-dsym";
				GCC_DYNAMIC_NO_PIC = NO;
				GCC_MODEL_TUNING = G5;
				INSTALL_PATH = /usr/local/bin;
				PRODUCT_NAME = "rc-facade";
			};
			name = Release;
		};
		5B2226167574001279962429 /* Release */ = {
			isa = XCBuildConfiguration;
			buildSettings = {
				ARCHS = "$(NATIVE_ARCH_ACTUAL)";
				CONFIGURATION_BUILD_DIR = "$(SYMROOT)";
				CONFIGURATION_TEMP_DIR = "$(OBJROOT)";
				GCC_C_LANGUAGE_STANDARD = gnu99;
				GCC_OPTIMIZATION_LEVEL = s;
				GCC_PREPROCESSOR_DEFINITIONS = NDEBUG;
				GCC_WARN_ABOUT_RETURN_TYPE = YES;
				GCC_WARN_UNUSED_VARIABLE = YES;
				HEADER_SEARCH_PATHS = (
					../src,
					../externals,
					../externals/visualframework,
					../externals/xmlframework,
					../externals/oscframework,
					../../../../../opt/local/include,
				);
				LIBRARY_SEARCH_PATHS = (
					../externals/visualframework,
					../externals/xmlframework,
					../externals/oscframework,
					../../../../../opt/local/lib,
				);
				OBJROOT = "../obj/Release/rc-facade";
				ONLY_ACTIVE_ARCH = NO;
				OTHER_LDFLAGS = (
					"-loscframework",
					"-lxmlframework",
					"-lvisualframework",
					"-lSDL_net",
					"-lSDL_ttf",
					"-llo",
					"-lpthread",
					"-lSDLmain",
					"-lSDL",
					"-lSDL_gfx",
					"-lSDL_image",
					"-Wl,-framework,Cocoa",
					"-Wl,-framework,OpenGL",
					"-Wl,-framework,ApplicationServices",
					"-Wl,-framework,Carbon",
					"-Wl,-framework,AudioToolbox",
					"-Wl,-framework,AudioUnit",
					"-Wl,-framework,IOKit",
				);
				PREBINDING = NO;
				SYMROOT = "../src/rc-facade";
			};
			name = Release;
		};
		6CD47D4971E9001279962429 /* Debug */ = {
			isa = XCBuildConfiguration;
			buildSettings = {
				ALWAYS_SEARCH_USER_PATHS = NO;
				CONFIGURATION_BUILD_DIR = "../src/rc-facade";
				GCC_DYNAMIC_NO_PIC = NO;
				GCC_MODEL_TUNING = G5;
				INSTALL_PATH = /usr/local/bin;
				PRODUCT_NAME = "rc-facade";
			};
			name = Debug;
		};
/* End XCBuildConfiguration section */

/* Begin XCConfigurationList section */
		1DEB928908733DD80010E9CD /* Build configuration list for PBXProject "rc-facade" */ = {
			isa = XCConfigurationList;
			buildConfigurations = (
				07EC3E331FCF001279962429 /* Debug */,
				5B2226167574001279962429 /* Release */,
			);
			defaultConfigurationIsVisible = 0;
			defaultConfigurationName = Debug;
		};
		28551E880720001279962429 /* Build configuration list for PBXNativeTarget "rc-facade" */ = {
			isa = XCConfigurationList;
			buildConfigurations = (
				6CD47D4971E9001279962429 /* Debug */,
				5A835FB11EAE001279962429 /* Release */,
			);
			defaultConfigurationIsVisible = 0;
			defaultConfigurationName = Debug;
		};
/* End XCConfigurationList section */
	};
	rootObject = 08FB7793FE84155DC02AAC07 /* Project object */;
}
