<?xml version="1.0" encoding="UTF-8" standalone="yes" ?>
<CodeBlocks_project_file>
	<FileVersion major="1" minor="6" />
	<Project>
		<Option title="facade" />
		<Option pch_mode="2" />
		<Option compiler="gcc" />
		<Build>
			<Target title="Debug">
				<Option output="../lib/libfacadeD.a" prefix_auto="0" extension_auto="0" />
				<Option working_dir="" />
				<Option object_output="../obj/facade/Debug" />
				<Option type="2" />
				<Option compiler="gcc" />
				<Compiler>
					<Add option="-Wall" />
					<Add option="-g" />
					<Add option="-DLINUX" />
					<Add option="-DDEBUG" />
					<Add option="-D_DEBUG" />
					<Add option="-Wno-unknown-pragmas" />
					<Add option="-ggdb" />
					<Add directory="../src" />
					<Add directory="/usr/include" />
					<Add directory="../externals/visualframework/src" />
					<Add directory="../externals/visualframework/externals" />
					<Add directory="../externals/visualframework/externals/include" />
				</Compiler>
				<Linker>
					<Add library="SDL" />
					<Add library="SDL_gfx" />
					<Add library="SDL_net" />
					<Add library="visualframeworkD" />
					<Add library="tinyxmlD" />
					<Add library="oscpackD" />
					<Add directory="../bin" />
					<Add directory="../lib" />
					<Add directory="../externals/visualframework/lib" />
					<Add directory="../externals/visualframework/externals/lib" />
					<Add directory="/usr/lib" />
				</Linker>
			</Target>
			<Target title="Release">
				<Option output="../lib/libfacade.a" prefix_auto="0" extension_auto="0" />
				<Option working_dir="" />
				<Option object_output="../obj/facade/Release" />
				<Option type="2" />
				<Option compiler="gcc" />
				<Compiler>
					<Add option="-Wall" />
					<Add option="-O" />
					<Add option="-DLINUX" />
					<Add option="-DNDEBUG" />
					<Add option="-Wno-unknown-pragmas" />
					<Add directory="../src" />
					<Add directory="/usr/include" />
					<Add directory="../externals/visualframework/src" />
					<Add directory="../externals/visualframework/externals" />
					<Add directory="../externals/visualframework/externals/include" />
				</Compiler>
				<Linker>
					<Add option="-s" />
					<Add library="SDL" />
					<Add library="SDL_gfx" />
					<Add library="SDL_net" />
					<Add library="visualframework" />
					<Add library="tinyxml" />
					<Add library="oscpack" />
					<Add directory="../bin" />
					<Add directory="../lib" />
					<Add directory="../externals/visualframework/lib" />
					<Add directory="../externals/visualframework/externals/lib" />
					<Add directory="/usr/lib" />
				</Linker>
			</Target>
		</Build>
		<Unit filename="../src/facade/Building.h" />
		<Unit filename="../src/facade/Facade.cpp" />
		<Unit filename="../src/facade/Facade.h" />
		<Unit filename="../src/facade/FrameBuffer.cpp" />
		<Unit filename="../src/facade/FrameBuffer.h" />
		<Unit filename="../src/facade/Side.cpp" />
		<Unit filename="../src/facade/Side.h" />
		<Unit filename="../src/facade/SideFuturelabEast.h" />
		<Unit filename="../src/facade/SideFuturelabNorth.h" />
		<Unit filename="../src/facade/SideFuturelabSouth.h" />
		<Unit filename="../src/facade/SideMainBuildingEast.h" />
		<Unit filename="../src/facade/SideMainBuildingNorth.h" />
		<Unit filename="../src/facade/SideMainBuildingSouth.h" />
		<Unit filename="../src/facade/SideMainBuildingSouthStreetLevel.h" />
		<Unit filename="../src/facade/SideMainBuildingWest.h" />
		<Extensions>
			<envvars />
			<code_completion />
			<debugger />
		</Extensions>
	</Project>
</CodeBlocks_project_file>
